{
    "_meta": {
        "hash": {
            "sha256": "dbf3fcf1f5b5bc57ae315832a40953c9e9a831a29ee0a314095586306c4d773f"
        },
        "pipfile-spec": 6,
        "requires": {
            "python_version": "3.6"
        },
        "sources": [
            {
                "name": "pypi",
                "url": "https://pypi.org/simple",
                "verify_ssl": true
            }
        ]
    },
    "default": {
        "beautifulsoup4": {
            "hashes": [
                "sha256:05668158c7b85b791c5abde53e50265e16f98ad601c402ba44d70f96c4159612",
                "sha256:25288c9e176f354bf277c0a10aa96c782a6a18a17122dba2e8cec4a97e03343b",
                "sha256:f040590be10520f2ea4c2ae8c3dae441c7cfff5308ec9d58a0ec0c1b8f81d469"
            ],
            "index": "pypi",
            "version": "==4.8.0"
        },
        "certifi": {
            "hashes": [
                "sha256:046832c04d4e752f37383b628bc601a7ea7211496b4638f6514d0e5b9acc4939",
                "sha256:945e3ba63a0b9f577b1395204e13c3a231f9bc0223888be653286534e5873695"
            ],
            "version": "==2019.6.16"
        },
        "chardet": {
            "hashes": [
                "sha256:84ab92ed1c4d4f16916e05906b6b75a6c0fb5db821cc65e70cbd64a3e2a5eaae",
                "sha256:fc323ffcaeaed0e0a02bf4d117757b98aed530d9ed4531e3e15460124c106691"
            ],
            "version": "==3.0.4"
        },
        "docopt": {
            "hashes": [
                "sha256:3f0e1bd540bcaf9691374731eee616c5a8b35767701fc69807bccf98aef56db2",
                "sha256:49b3a825280bd66b3aa83585ef59c4a8c82f2c8a522dbe754a8bc8d08c85c491"
            ],
            "version": "==0.6.2"
        },
        "idna": {
            "hashes": [
                "sha256:c357b3f628cf53ae2c4c05627ecc484553142ca23264e593d327bcde5e9c3407",
                "sha256:ea8b7f6188e6fa117537c3df7da9fc686d485087abf6ac197f9c46432f7e4a3c"
            ],
            "version": "==2.8"
        },
        "irc3": {
            "hashes": [
                "sha256:66ee7040bd873d083cac09fd45b4d044f07f1c933f57f2d7209d2d8654de3cb0",
                "sha256:d538a6d42506aac506d214fbff9c5da7061cf7ff7302e9148ac52ad276b2f72c"
            ],
            "index": "pypi",
            "version": "==1.1.2"
        },
        "markovify": {
            "hashes": [
                "sha256:d0fe35af9d90492fb6e2d50ed99b96ff6425ccabed308200a51640da5512fd22"
            ],
            "index": "pypi",
            "version": "==0.7.2"
        },
        "pylast": {
            "hashes": [
                "sha256:0f20dda0c5533808e44b5f01d94f174b7033bfa3c20de1257bf54db9b76356b0",
                "sha256:7eb58682beccc0052c3284aba64a9a6454b5e89706f789ebeb2403dc1045606a"
            ],
            "index": "pypi",
            "version": "==3.1.0"
        },
        "requests": {
            "hashes": [
                "sha256:11e007a8a2aa0323f5a921e9e6a2d7e4e67d9877e85773fba9ba6419025cbeb4",
                "sha256:9cf5292fcd0f598c671cfc1e0d7d1a7f13bb8085e9a590f48c010551dc6c4b31"
            ],
            "index": "pypi",
            "version": "==2.22.0"
        },
        "sentry-sdk": {
            "hashes": [
                "sha256:d491aa6399eaa3eded433972751a9770180730fd8b4c225b0b7f49c4fa2af70b",
                "sha256:d68003cdffbbfcadaa2c445b72e1050b0a44406f94199866f192986c016b23f5"
            ],
            "index": "pypi",
            "version": "==0.10.2"
        },
        "soupsieve": {
            "hashes": [
                "sha256:72b5f1aea9101cf720a36bb2327ede866fd6f1a07b1e87c92a1cc18113cbc946",
                "sha256:e4e9c053d59795e440163733a7fec6c5972210e1790c507e4c7b051d6c5259de"
            ],
            "version": "==1.9.2"
        },
        "ujson": {
            "hashes": [
                "sha256:f66073e5506e91d204ab0c614a148d5aa938bdbf104751be66f8ad7a222f5f86"
            ],
            "index": "pypi",
            "version": "==1.35"
        },
        "unidecode": {
            "hashes": [
                "sha256:1d7a042116536098d05d599ef2b8616759f02985c85b4fef50c78a5aaf10822a",
                "sha256:2b6aab710c2a1647e928e36d69c21e76b453cd455f4e2621000e54b2a9b8cce8"
            ],
            "version": "==1.1.1"
        },
        "urllib3": {
            "hashes": [
                "sha256:b246607a25ac80bedac05c6f282e3cdaf3afb65420fd024ac94435cabe6e18d1",
                "sha256:dbe59173209418ae49d485b87d1681aefa36252ee85884c31346debd19463232"
            ],
            "index": "pypi",
            "version": "==1.25.3"
        },
        "venusian": {
            "hashes": [
                "sha256:2f2d077a1eedc3fda40425f65687c8c494da7e83d7c23bc2c4d1a40eb3ca5b6d",
                "sha256:64ec8285b80b110d0ae5db4280e90e31848a59db98db1aba4d7d46f48ce91e3e"
            ],
            "version": "==1.2.0"
        }
    },
    "develop": {}
}
